
Microsoft Visual Studio Solution File, Format Version 12.00
# Visual Studio Version 17
VisualStudioVersion = 17.8.34511.84
MinimumVisualStudioVersion = 10.0.40219.1
Project("{FAE04EC0-301F-11D3-BF4B-00C04F79EFBC}") = "MSI_Topic_Publisher", "MSI_Topic_Publisher\MSI_Topic_Publisher.csproj", "{F1DA41A4-8CFA-4CB0-96E1-5B1DB942B081}"
EndProject
Global
	GlobalSection(SolutionConfigurationPlatforms) = preSolution
		Debug|Any CPU = Debug|Any CPU
		Release|Any CPU = Release|Any CPU
	EndGlobalSection
	GlobalSection(ProjectConfigurationPlatforms) = postSolution
		{F1DA41A4-8CFA-4CB0-96E1-5B1DB942B081}.Debug|Any CPU.ActiveCfg = Debug|Any CPU
		{F1DA41A4-8CFA-4CB0-96E1-5B1DB942B081}.Debug|Any CPU.Build.0 = Debug|Any CPU
		{F1DA41A4-8CFA-4CB0-96E1-5B1DB942B081}.Release|Any CPU.ActiveCfg = Release|Any CPU
		{F1DA41A4-8CFA-4CB0-96E1-5B1DB942B081}.Release|Any CPU.Build.0 = Release|Any CPU
	EndGlobalSection
	GlobalSection(SolutionProperties) = preSolution
		HideSolutionNode = FALSE
	EndGlobalSection
	GlobalSection(ExtensibilityGlobals) = postSolution
		SolutionGuid = {2BD5BB3F-4983-4190-9F36-0DB26DE090A6}
	EndGlobalSection
EndGlobal
